{
	"name": "better-sqlite3",
	"version": "0.0.0",
	"lockfileVersion": 3,
	"requires": true,
	"packages": {
		"": {
			"name": "better-sqlite3",
			"version": "0.0.0",
			"dependencies": {
				"better-sqlite3": "^8.4.0",
				"drizzle-orm": "^0.27.2"
			},
			"devDependencies": {
				"@types/better-sqlite3": "^7.6.4",
				"drizzle-kit": "^0.19.6",
				"tsx": "^3.12.7"
			}
		},
		"node_modules/@drizzle-team/studio": {
			"version": "0.0.5",
			"resolved": "https://registry.npmjs.org/@drizzle-team/studio/-/studio-0.0.5.tgz",
			"integrity": "sha512-ps5qF0tMxWRVu+V5gvCRrQNqlY92aTnIKdq27gm9LZMSdaKYZt6AVvSK1dlUMzs6Rt0Jm80b+eWct6xShBKhIw==",
			"dev": true
		},
		"node_modules/@esbuild-kit/core-utils": {
			"version": "3.3.2",
			"resolved": "https://registry.npmjs.org/@esbuild-kit/core-utils/-/core-utils-3.3.2.tgz",
			"integrity": "sha512-sPRAnw9CdSsRmEtnsl2WXWdyquogVpB3yZ3dgwJfe8zrOzTsV7cJvmwrKVa+0ma5BoiGJ+BoqkMvawbayKUsqQ==",
			"deprecated": "Merged into tsx: https://tsx.is",
			"dev": true,
			"license": "MIT",
			"dependencies": {
				"esbuild": "~0.18.20",
				"source-map-support": "^0.5.21"
			}
		},
		"node_modules/@esbuild-kit/esm-loader": {
			"version": "2.6.5",
			"resolved": "https://registry.npmjs.org/@esbuild-kit/esm-loader/-/esm-loader-2.6.5.tgz",
			"integrity": "sha512-FxEMIkJKnodyA1OaCUoEvbYRkoZlLZ4d/eXFu9Fh8CbBBgP5EmZxrfTRyN0qpXZ4vOvqnE5YdRdcrmUUXuU+dA==",
			"deprecated": "Merged into tsx: https://tsx.is",
			"dev": true,
			"license": "MIT",
			"dependencies": {
				"@esbuild-kit/core-utils": "^3.3.2",
				"get-tsconfig": "^4.7.0"
			}
		},
		"node_modules/@esbuild/android-arm": {
			"version": "0.18.20",
			"resolved": "https://registry.npmjs.org/@esbuild/android-arm/-/android-arm-0.18.20.tgz",
			"integrity": "sha512-fyi7TDI/ijKKNZTUJAQqiG5T7YjJXgnzkURqmGj13C6dCqckZBLdl4h7bkhHt/t0WP+zO9/zwroDvANaOqO5Sw==",
			"cpu": [
				"arm"
			],
			"dev": true,
			"license": "MIT",
			"optional": true,
			"os": [
				"android"
			],
			"engines": {
				"node": ">=12"
			}
		},
		"node_modules/@esbuild/android-arm64": {
			"version": "0.18.20",
			"resolved": "https://registry.npmjs.org/@esbuild/android-arm64/-/android-arm64-0.18.20.tgz",
			"integrity": "sha512-Nz4rJcchGDtENV0eMKUNa6L12zz2zBDXuhj/Vjh18zGqB44Bi7MBMSXjgunJgjRhCmKOjnPuZp4Mb6OKqtMHLQ==",
			"cpu": [
				"arm64"
			],
			"dev": true,
			"license": "MIT",
			"optional": true,
			"os": [
				"android"
			],
			"engines": {
				"node": ">=12"
			}
		},
		"node_modules/@esbuild/android-x64": {
			"version": "0.18.20",
			"resolved": "https://registry.npmjs.org/@esbuild/android-x64/-/android-x64-0.18.20.tgz",
			"integrity": "sha512-8GDdlePJA8D6zlZYJV/jnrRAi6rOiNaCC/JclcXpB+KIuvfBN4owLtgzY2bsxnx666XjJx2kDPUmnTtR8qKQUg==",
			"cpu": [
				"x64"
			],
			"dev": true,
			"license": "MIT",
			"optional": true,
			"os": [
				"android"
			],
			"engines": {
				"node": ">=12"
			}
		},
		"node_modules/@esbuild/darwin-arm64": {
			"version": "0.18.20",
			"resolved": "https://registry.npmjs.org/@esbuild/darwin-arm64/-/darwin-arm64-0.18.20.tgz",
			"integrity": "sha512-bxRHW5kHU38zS2lPTPOyuyTm+S+eobPUnTNkdJEfAddYgEcll4xkT8DB9d2008DtTbl7uJag2HuE5NZAZgnNEA==",
			"cpu": [
				"arm64"
			],
			"dev": true,
			"license": "MIT",
			"optional": true,
			"os": [
				"darwin"
			],
			"engines": {
				"node": ">=12"
			}
		},
		"node_modules/@esbuild/darwin-x64": {
			"version": "0.18.20",
			"resolved": "https://registry.npmjs.org/@esbuild/darwin-x64/-/darwin-x64-0.18.20.tgz",
			"integrity": "sha512-pc5gxlMDxzm513qPGbCbDukOdsGtKhfxD1zJKXjCCcU7ju50O7MeAZ8c4krSJcOIJGFR+qx21yMMVYwiQvyTyQ==",
			"cpu": [
				"x64"
			],
			"dev": true,
			"license": "MIT",
			"optional": true,
			"os": [
				"darwin"
			],
			"engines": {
				"node": ">=12"
			}
		},
		"node_modules/@esbuild/freebsd-arm64": {
			"version": "0.18.20",
			"resolved": "https://registry.npmjs.org/@esbuild/freebsd-arm64/-/freebsd-arm64-0.18.20.tgz",
			"integrity": "sha512-yqDQHy4QHevpMAaxhhIwYPMv1NECwOvIpGCZkECn8w2WFHXjEwrBn3CeNIYsibZ/iZEUemj++M26W3cNR5h+Tw==",
			"cpu": [
				"arm64"
			],
			"dev": true,
			"license": "MIT",
			"optional": true,
			"os": [
				"freebsd"
			],
			"engines": {
				"node": ">=12"
			}
		},
		"node_modules/@esbuild/freebsd-x64": {
			"version": "0.18.20",
			"resolved": "https://registry.npmjs.org/@esbuild/freebsd-x64/-/freebsd-x64-0.18.20.tgz",
			"integrity": "sha512-tgWRPPuQsd3RmBZwarGVHZQvtzfEBOreNuxEMKFcd5DaDn2PbBxfwLcj4+aenoh7ctXcbXmOQIn8HI6mCSw5MQ==",
			"cpu": [
				"x64"
			],
			"dev": true,
			"license": "MIT",
			"optional": true,
			"os": [
				"freebsd"
			],
			"engines": {
				"node": ">=12"
			}
		},
		"node_modules/@esbuild/linux-arm": {
			"version": "0.18.20",
			"resolved": "https://registry.npmjs.org/@esbuild/linux-arm/-/linux-arm-0.18.20.tgz",
			"integrity": "sha512-/5bHkMWnq1EgKr1V+Ybz3s1hWXok7mDFUMQ4cG10AfW3wL02PSZi5kFpYKrptDsgb2WAJIvRcDm+qIvXf/apvg==",
			"cpu": [
				"arm"
			],
			"dev": true,
			"license": "MIT",
			"optional": true,
			"os": [
				"linux"
			],
			"engines": {
				"node": ">=12"
			}
		},
		"node_modules/@esbuild/linux-arm64": {
			"version": "0.18.20",
			"resolved": "https://registry.npmjs.org/@esbuild/linux-arm64/-/linux-arm64-0.18.20.tgz",
			"integrity": "sha512-2YbscF+UL7SQAVIpnWvYwM+3LskyDmPhe31pE7/aoTMFKKzIc9lLbyGUpmmb8a8AixOL61sQ/mFh3jEjHYFvdA==",
			"cpu": [
				"arm64"
			],
			"dev": true,
			"license": "MIT",
			"optional": true,
			"os": [
				"linux"
			],
			"engines": {
				"node": ">=12"
			}
		},
		"node_modules/@esbuild/linux-ia32": {
			"version": "0.18.20",
			"resolved": "https://registry.npmjs.org/@esbuild/linux-ia32/-/linux-ia32-0.18.20.tgz",
			"integrity": "sha512-P4etWwq6IsReT0E1KHU40bOnzMHoH73aXp96Fs8TIT6z9Hu8G6+0SHSw9i2isWrD2nbx2qo5yUqACgdfVGx7TA==",
			"cpu": [
				"ia32"
			],
			"dev": true,
			"license": "MIT",
			"optional": true,
			"os": [
				"linux"
			],
			"engines": {
				"node": ">=12"
			}
		},
		"node_modules/@esbuild/linux-loong64": {
			"version": "0.18.20",
			"resolved": "https://registry.npmjs.org/@esbuild/linux-loong64/-/linux-loong64-0.18.20.tgz",
			"integrity": "sha512-nXW8nqBTrOpDLPgPY9uV+/1DjxoQ7DoB2N8eocyq8I9XuqJ7BiAMDMf9n1xZM9TgW0J8zrquIb/A7s3BJv7rjg==",
			"cpu": [
				"loong64"
			],
			"dev": true,
			"license": "MIT",
			"optional": true,
			"os": [
				"linux"
			],
			"engines": {
				"node": ">=12"
			}
		},
		"node_modules/@esbuild/linux-mips64el": {
			"version": "0.18.20",
			"resolved": "https://registry.npmjs.org/@esbuild/linux-mips64el/-/linux-mips64el-0.18.20.tgz",
			"integrity": "sha512-d5NeaXZcHp8PzYy5VnXV3VSd2D328Zb+9dEq5HE6bw6+N86JVPExrA6O68OPwobntbNJ0pzCpUFZTo3w0GyetQ==",
			"cpu": [
				"mips64el"
			],
			"dev": true,
			"license": "MIT",
			"optional": true,
			"os": [
				"linux"
			],
			"engines": {
				"node": ">=12"
			}
		},
		"node_modules/@esbuild/linux-ppc64": {
			"version": "0.18.20",
			"resolved": "https://registry.npmjs.org/@esbuild/linux-ppc64/-/linux-ppc64-0.18.20.tgz",
			"integrity": "sha512-WHPyeScRNcmANnLQkq6AfyXRFr5D6N2sKgkFo2FqguP44Nw2eyDlbTdZwd9GYk98DZG9QItIiTlFLHJHjxP3FA==",
			"cpu": [
				"ppc64"
			],
			"dev": true,
			"license": "MIT",
			"optional": true,
			"os": [
				"linux"
			],
			"engines": {
				"node": ">=12"
			}
		},
		"node_modules/@esbuild/linux-riscv64": {
			"version": "0.18.20",
			"resolved": "https://registry.npmjs.org/@esbuild/linux-riscv64/-/linux-riscv64-0.18.20.tgz",
			"integrity": "sha512-WSxo6h5ecI5XH34KC7w5veNnKkju3zBRLEQNY7mv5mtBmrP/MjNBCAlsM2u5hDBlS3NGcTQpoBvRzqBcRtpq1A==",
			"cpu": [
				"riscv64"
			],
			"dev": true,
			"license": "MIT",
			"optional": true,
			"os": [
				"linux"
			],
			"engines": {
				"node": ">=12"
			}
		},
		"node_modules/@esbuild/linux-s390x": {
			"version": "0.18.20",
			"resolved": "https://registry.npmjs.org/@esbuild/linux-s390x/-/linux-s390x-0.18.20.tgz",
			"integrity": "sha512-+8231GMs3mAEth6Ja1iK0a1sQ3ohfcpzpRLH8uuc5/KVDFneH6jtAJLFGafpzpMRO6DzJ6AvXKze9LfFMrIHVQ==",
			"cpu": [
				"s390x"
			],
			"dev": true,
			"license": "MIT",
			"optional": true,
			"os": [
				"linux"
			],
			"engines": {
				"node": ">=12"
			}
		},
		"node_modules/@esbuild/linux-x64": {
			"version": "0.18.20",
			"resolved": "https://registry.npmjs.org/@esbuild/linux-x64/-/linux-x64-0.18.20.tgz",
			"integrity": "sha512-UYqiqemphJcNsFEskc73jQ7B9jgwjWrSayxawS6UVFZGWrAAtkzjxSqnoclCXxWtfwLdzU+vTpcNYhpn43uP1w==",
			"cpu": [
				"x64"
			],
			"dev": true,
			"license": "MIT",
			"optional": true,
			"os": [
				"linux"
			],
			"engines": {
				"node": ">=12"
			}
		},
		"node_modules/@esbuild/netbsd-x64": {
			"version": "0.18.20",
			"resolved": "https://registry.npmjs.org/@esbuild/netbsd-x64/-/netbsd-x64-0.18.20.tgz",
			"integrity": "sha512-iO1c++VP6xUBUmltHZoMtCUdPlnPGdBom6IrO4gyKPFFVBKioIImVooR5I83nTew5UOYrk3gIJhbZh8X44y06A==",
			"cpu": [
				"x64"
			],
			"dev": true,
			"license": "MIT",
			"optional": true,
			"os": [
				"netbsd"
			],
			"engines": {
				"node": ">=12"
			}
		},
		"node_modules/@esbuild/openbsd-x64": {
			"version": "0.18.20",
			"resolved": "https://registry.npmjs.org/@esbuild/openbsd-x64/-/openbsd-x64-0.18.20.tgz",
			"integrity": "sha512-e5e4YSsuQfX4cxcygw/UCPIEP6wbIL+se3sxPdCiMbFLBWu0eiZOJ7WoD+ptCLrmjZBK1Wk7I6D/I3NglUGOxg==",
			"cpu": [
				"x64"
			],
			"dev": true,
			"license": "MIT",
			"optional": true,
			"os": [
				"openbsd"
			],
			"engines": {
				"node": ">=12"
			}
		},
		"node_modules/@esbuild/sunos-x64": {
			"version": "0.18.20",
			"resolved": "https://registry.npmjs.org/@esbuild/sunos-x64/-/sunos-x64-0.18.20.tgz",
			"integrity": "sha512-kDbFRFp0YpTQVVrqUd5FTYmWo45zGaXe0X8E1G/LKFC0v8x0vWrhOWSLITcCn63lmZIxfOMXtCfti/RxN/0wnQ==",
			"cpu": [
				"x64"
			],
			"dev": true,
			"license": "MIT",
			"optional": true,
			"os": [
				"sunos"
			],
			"engines": {
				"node": ">=12"
			}
		},
		"node_modules/@esbuild/win32-arm64": {
			"version": "0.18.20",
			"resolved": "https://registry.npmjs.org/@esbuild/win32-arm64/-/win32-arm64-0.18.20.tgz",
			"integrity": "sha512-ddYFR6ItYgoaq4v4JmQQaAI5s7npztfV4Ag6NrhiaW0RrnOXqBkgwZLofVTlq1daVTQNhtI5oieTvkRPfZrePg==",
			"cpu": [
				"arm64"
			],
			"dev": true,
			"license": "MIT",
			"optional": true,
			"os": [
				"win32"
			],
			"engines": {
				"node": ">=12"
			}
		},
		"node_modules/@esbuild/win32-ia32": {
			"version": "0.18.20",
			"resolved": "https://registry.npmjs.org/@esbuild/win32-ia32/-/win32-ia32-0.18.20.tgz",
			"integrity": "sha512-Wv7QBi3ID/rROT08SABTS7eV4hX26sVduqDOTe1MvGMjNd3EjOz4b7zeexIR62GTIEKrfJXKL9LFxTYgkyeu7g==",
			"cpu": [
				"ia32"
			],
			"dev": true,
			"license": "MIT",
			"optional": true,
			"os": [
				"win32"
			],
			"engines": {
				"node": ">=12"
			}
		},
		"node_modules/@esbuild/win32-x64": {
			"version": "0.18.20",
			"resolved": "https://registry.npmjs.org/@esbuild/win32-x64/-/win32-x64-0.18.20.tgz",
			"integrity": "sha512-kTdfRcSiDfQca/y9QIkng02avJ+NCaQvrMejlsB3RRv5sE9rRoeBPISaZpKxHELzRxZyLvNts1P27W3wV+8geQ==",
			"cpu": [
				"x64"
			],
			"dev": true,
			"license": "MIT",
			"optional": true,
			"os": [
				"win32"
			],
			"engines": {
				"node": ">=12"
			}
		},
		"node_modules/@types/better-sqlite3": {
			"version": "7.6.13",
			"resolved": "https://registry.npmjs.org/@types/better-sqlite3/-/better-sqlite3-7.6.13.tgz",
			"integrity": "sha512-NMv9ASNARoKksWtsq/SHakpYAYnhBrQgGD8zkLYk/jaK8jUGn08CfEdTRgYhMypUQAfzSP8W6gNLe0q19/t4VA==",
			"devOptional": true,
			"license": "MIT",
			"dependencies": {
				"@types/node": "*"
			}
		},
		"node_modules/@types/node": {
			"version": "24.7.0",
			"resolved": "https://registry.npmjs.org/@types/node/-/node-24.7.0.tgz",
			"integrity": "sha512-IbKooQVqUBrlzWTi79E8Fw78l8k1RNtlDDNWsFZs7XonuQSJ8oNYfEeclhprUldXISRMLzBpILuKgPlIxm+/Yw==",
			"devOptional": true,
			"license": "MIT",
			"dependencies": {
				"undici-types": "~7.14.0"
			}
		},
		"node_modules/balanced-match": {
			"version": "1.0.2",
			"resolved": "https://registry.npmjs.org/balanced-match/-/balanced-match-1.0.2.tgz",
			"integrity": "sha512-3oSeUO0TMV67hN1AmbXsK4yaqU7tjiHlbxRDZOpH0KW9+CeX4bRAaX0Anxt0tx2MrpRpWwQaPwIlISEJhYU5Pw==",
			"dev": true,
			"license": "MIT"
		},
		"node_modules/base64-js": {
			"version": "1.5.1",
			"resolved": "https://registry.npmjs.org/base64-js/-/base64-js-1.5.1.tgz",
			"integrity": "sha512-AKpaYlHn8t4SVbOHCy+b5+KKgvR4vrsD8vbvrbiQJps7fKDTkjkDry6ji0rUJjC0kzbNePLwzxq8iypo41qeWA==",
			"funding": [
				{
					"type": "github",
					"url": "https://github.com/sponsors/feross"
				},
				{
					"type": "patreon",
					"url": "https://www.patreon.com/feross"
				},
				{
					"type": "consulting",
					"url": "https://feross.org/support"
				}
			],
			"license": "MIT"
		},
		"node_modules/better-sqlite3": {
			"version": "8.7.0",
			"resolved": "https://registry.npmjs.org/better-sqlite3/-/better-sqlite3-8.7.0.tgz",
			"integrity": "sha512-99jZU4le+f3G6aIl6PmmV0cxUIWqKieHxsiF7G34CVFiE+/UabpYqkU0NJIkY/96mQKikHeBjtR27vFfs5JpEw==",
			"hasInstallScript": true,
			"license": "MIT",
			"dependencies": {
				"bindings": "^1.5.0",
				"prebuild-install": "^7.1.1"
			}
		},
		"node_modules/bindings": {
			"version": "1.5.0",
			"resolved": "https://registry.npmjs.org/bindings/-/bindings-1.5.0.tgz",
			"integrity": "sha512-p2q/t/mhvuOj/UeLlV6566GD/guowlr0hHxClI0W9m7MWYkL1F0hLo+0Aexs9HSPCtR1SXQ0TD3MMKrXZajbiQ==",
			"license": "MIT",
			"dependencies": {
				"file-uri-to-path": "1.0.0"
			}
		},
		"node_modules/bl": {
			"version": "4.1.0",
			"resolved": "https://registry.npmjs.org/bl/-/bl-4.1.0.tgz",
			"integrity": "sha512-1W07cM9gS6DcLperZfFSj+bWLtaPGSOHWhPiGzXmvVJbRLdG82sH/Kn8EtW1VqWVA54AKf2h5k5BbnIbwF3h6w==",
			"license": "MIT",
			"dependencies": {
				"buffer": "^5.5.0",
				"inherits": "^2.0.4",
				"readable-stream": "^3.4.0"
			}
		},
		"node_modules/brace-expansion": {
			"version": "2.0.2",
			"resolved": "https://registry.npmjs.org/brace-expansion/-/brace-expansion-2.0.2.tgz",
			"integrity": "sha512-Jt0vHyM+jmUBqojB7E1NIYadt0vI0Qxjxd2TErW94wDz+E2LAm5vKMXXwg6ZZBTHPuUlDgQHKXvjGBdfcF1ZDQ==",
			"dev": true,
			"license": "MIT",
			"dependencies": {
				"balanced-match": "^1.0.0"
			}
		},
		"node_modules/buffer": {
			"version": "5.7.1",
			"resolved": "https://registry.npmjs.org/buffer/-/buffer-5.7.1.tgz",
			"integrity": "sha512-EHcyIPBQ4BSGlvjB16k5KgAJ27CIsHY/2JBmCRReo48y9rQ3MaUzWX3KVlBa4U7MyX02HdVj0K7C3WaB3ju7FQ==",
			"funding": [
				{
					"type": "github",
					"url": "https://github.com/sponsors/feross"
				},
				{
					"type": "patreon",
					"url": "https://www.patreon.com/feross"
				},
				{
					"type": "consulting",
					"url": "https://feross.org/support"
				}
			],
			"license": "MIT",
			"dependencies": {
				"base64-js": "^1.3.1",
				"ieee754": "^1.1.13"
			}
		},
		"node_modules/buffer-from": {
			"version": "1.1.2",
			"resolved": "https://registry.npmjs.org/buffer-from/-/buffer-from-1.1.2.tgz",
			"integrity": "sha512-E+XQCRwSbaaiChtv6k6Dwgc+bx+Bs6vuKJHHl5kox/BaKbhiXzqQOwK4cO22yElGp2OCmjwVhT3HmxgyPGnJfQ==",
			"dev": true,
			"license": "MIT"
		},
		"node_modules/camelcase": {
			"version": "7.0.1",
			"resolved": "https://registry.npmjs.org/camelcase/-/camelcase-7.0.1.tgz",
			"integrity": "sha512-xlx1yCK2Oc1APsPXDL2LdlNP6+uu8OCDdhOBSVT279M/S+y75O30C2VuD8T2ogdePBBl7PfPF4504tnLgX3zfw==",
			"dev": true,
			"license": "MIT",
			"engines": {
				"node": ">=14.16"
			},
			"funding": {
				"url": "https://github.com/sponsors/sindresorhus"
			}
		},
		"node_modules/chalk": {
			"version": "5.6.2",
			"resolved": "https://registry.npmjs.org/chalk/-/chalk-5.6.2.tgz",
			"integrity": "sha512-7NzBL0rN6fMUW+f7A6Io4h40qQlG+xGmtMxfbnH/K7TAtt8JQWVQK+6g0UXKMeVJoyV5EkkNsErQ8pVD3bLHbA==",
			"dev": true,
			"license": "MIT",
			"engines": {
				"node": "^12.17.0 || ^14.13 || >=16.0.0"
			},
			"funding": {
				"url": "https://github.com/chalk/chalk?sponsor=1"
			}
		},
		"node_modules/chownr": {
			"version": "1.1.4",
			"resolved": "https://registry.npmjs.org/chownr/-/chownr-1.1.4.tgz",
			"integrity": "sha512-jJ0bqzaylmJtVnNgzTeSOs8DPavpbYgEr/b0YL8/2GO3xJEhInFmhKMUnEJQjZumK7KXGFhUy89PrsJWlakBVg==",
			"license": "ISC"
		},
		"node_modules/cli-color": {
			"version": "2.0.4",
			"resolved": "https://registry.npmjs.org/cli-color/-/cli-color-2.0.4.tgz",
			"integrity": "sha512-zlnpg0jNcibNrO7GG9IeHH7maWFeCz+Ja1wx/7tZNU5ASSSSZ+/qZciM0/LHCYxSdqv5h2sdbQ/PXYdOuetXvA==",
			"dev": true,
			"license": "ISC",
			"dependencies": {
				"d": "^1.0.1",
				"es5-ext": "^0.10.64",
				"es6-iterator": "^2.0.3",
				"memoizee": "^0.4.15",
				"timers-ext": "^0.1.7"
			},
			"engines": {
				"node": ">=0.10"
			}
		},
		"node_modules/commander": {
			"version": "9.5.0",
			"resolved": "https://registry.npmjs.org/commander/-/commander-9.5.0.tgz",
			"integrity": "sha512-KRs7WVDKg86PWiuAqhDrAQnTXZKraVcCc6vFdL14qrZ/DcWwuRo7VoiYXalXO7S5GKpqYiVEwCbgFDfxNHKJBQ==",
			"dev": true,
			"license": "MIT",
			"engines": {
				"node": "^12.20.0 || >=14"
			}
		},
		"node_modules/d": {
			"version": "1.0.2",
			"resolved": "https://registry.npmjs.org/d/-/d-1.0.2.tgz",
			"integrity": "sha512-MOqHvMWF9/9MX6nza0KgvFH4HpMU0EF5uUDXqX/BtxtU8NfB0QzRtJ8Oe/6SuS4kbhyzVJwjd97EA4PKrzJ8bw==",
			"dev": true,
			"license": "ISC",
			"dependencies": {
				"es5-ext": "^0.10.64",
				"type": "^2.7.2"
			},
			"engines": {
				"node": ">=0.12"
			}
		},
		"node_modules/debug": {
			"version": "4.4.3",
			"resolved": "https://registry.npmjs.org/debug/-/debug-4.4.3.tgz",
			"integrity": "sha512-RGwwWnwQvkVfavKVt22FGLw+xYSdzARwm0ru6DhTVA3umU5hZc28V3kO4stgYryrTlLpuvgI9GiijltAjNbcqA==",
			"dev": true,
			"license": "MIT",
			"dependencies": {
				"ms": "^2.1.3"
			},
			"engines": {
				"node": ">=6.0"
			},
			"peerDependenciesMeta": {
				"supports-color": {
					"optional": true
				}
			}
		},
		"node_modules/decompress-response": {
			"version": "6.0.0",
			"resolved": "https://registry.npmjs.org/decompress-response/-/decompress-response-6.0.0.tgz",
			"integrity": "sha512-aW35yZM6Bb/4oJlZncMH2LCoZtJXTRxES17vE3hoRiowU2kWHaJKFkSBDnDR+cm9J+9QhXmREyIfv0pji9ejCQ==",
			"license": "MIT",
			"dependencies": {
				"mimic-response": "^3.1.0"
			},
			"engines": {
				"node": ">=10"
			},
			"funding": {
				"url": "https://github.com/sponsors/sindresorhus"
			}
		},
		"node_modules/deep-extend": {
			"version": "0.6.0",
			"resolved": "https://registry.npmjs.org/deep-extend/-/deep-extend-0.6.0.tgz",
			"integrity": "sha512-LOHxIOaPYdHlJRtCQfDIVZtfw/ufM8+rVj649RIHzcm/vGwQRXFt6OPqIFWsm2XEMrNIEtWR64sY1LEKD2vAOA==",
			"license": "MIT",
			"engines": {
				"node": ">=4.0.0"
			}
		},
		"node_modules/detect-libc": {
			"version": "2.1.2",
			"resolved": "https://registry.npmjs.org/detect-libc/-/detect-libc-2.1.2.tgz",
			"integrity": "sha512-Btj2BOOO83o3WyH59e8MgXsxEQVcarkUOpEYrubB0urwnN10yQ364rsiByU11nZlqWYZm05i/of7io4mzihBtQ==",
			"license": "Apache-2.0",
			"engines": {
				"node": ">=8"
			}
		},
		"node_modules/difflib": {
			"version": "0.2.4",
			"resolved": "https://registry.npmjs.org/difflib/-/difflib-0.2.4.tgz",
			"integrity": "sha512-9YVwmMb0wQHQNr5J9m6BSj6fk4pfGITGQOOs+D9Fl+INODWFOfvhIU1hNv6GgR1RBoC/9NJcwu77zShxV0kT7w==",
			"dev": true,
			"dependencies": {
				"heap": ">= 0.2.0"
			},
			"engines": {
				"node": "*"
			}
		},
		"node_modules/dreamopt": {
			"version": "0.8.0",
			"resolved": "https://registry.npmjs.org/dreamopt/-/dreamopt-0.8.0.tgz",
			"integrity": "sha512-vyJTp8+mC+G+5dfgsY+r3ckxlz+QMX40VjPQsZc5gxVAxLmi64TBoVkP54A/pRAXMXsbu2GMMBrZPxNv23waMg==",
			"dev": true,
			"dependencies": {
				"wordwrap": ">=0.0.2"
			},
			"engines": {
				"node": ">=0.4.0"
			}
		},
		"node_modules/drizzle-kit": {
			"version": "0.19.13",
			"resolved": "https://registry.npmjs.org/drizzle-kit/-/drizzle-kit-0.19.13.tgz",
			"integrity": "sha512-Rba5VW1O2JfJlwVBeZ8Zwt2E2us5oZ08PQBDiVSGlug53TOc8hzXjblZFuF+dnll9/RQEHrkzBmJFgqTvn5Rxg==",
			"dev": true,
			"license": "MIT",
			"dependencies": {
				"@drizzle-team/studio": "^0.0.5",
				"@esbuild-kit/esm-loader": "^2.5.5",
				"camelcase": "^7.0.1",
				"chalk": "^5.2.0",
				"commander": "^9.4.1",
				"esbuild": "^0.18.6",
				"esbuild-register": "^3.4.2",
				"glob": "^8.1.0",
				"hanji": "^0.0.5",
				"json-diff": "0.9.0",
				"minimatch": "^7.4.3",
				"zod": "^3.20.2"
			},
			"bin": {
				"drizzle-kit": "index.cjs"
			}
		},
		"node_modules/drizzle-orm": {
			"version": "0.27.2",
			"resolved": "https://registry.npmjs.org/drizzle-orm/-/drizzle-orm-0.27.2.tgz",
			"integrity": "sha512-ZvBvceff+JlgP7FxHKe0zOU9CkZ4RcOtibumIrqfYzDGuOeF0YUY0F9iMqYpRM7pxnLRfC+oO7rWOUH3T5oFQA==",
			"license": "Apache-2.0",
			"peerDependencies": {
				"@aws-sdk/client-rds-data": ">=3",
				"@cloudflare/workers-types": ">=3",
				"@libsql/client": "*",
				"@neondatabase/serverless": ">=0.1",
				"@opentelemetry/api": "^1.4.1",
				"@planetscale/database": ">=1",
				"@types/better-sqlite3": "*",
				"@types/pg": "*",
				"@types/sql.js": "*",
				"@vercel/postgres": "*",
				"better-sqlite3": ">=7",
				"bun-types": "*",
				"knex": "*",
				"kysely": "*",
				"mysql2": ">=2",
				"pg": ">=8",
				"postgres": ">=3",
				"sql.js": ">=1",
				"sqlite3": ">=5"
			},
			"peerDependenciesMeta": {
				"@aws-sdk/client-rds-data": {
					"optional": true
				},
				"@cloudflare/workers-types": {
					"optional": true
				},
				"@libsql/client": {
					"optional": true
				},
				"@neondatabase/serverless": {
					"optional": true
				},
				"@opentelemetry/api": {
					"optional": true
				},
				"@planetscale/database": {
					"optional": true
				},
				"@types/better-sqlite3": {
					"optional": true
				},
				"@types/pg": {
					"optional": true
				},
				"@types/sql.js": {
					"optional": true
				},
				"@vercel/postgres": {
					"optional": true
				},
				"better-sqlite3": {
					"optional": true
				},
				"bun-types": {
					"optional": true
				},
				"knex": {
					"optional": true
				},
				"kysely": {
					"optional": true
				},
				"mysql2": {
					"optional": true
				},
				"pg": {
					"optional": true
				},
				"postgres": {
					"optional": true
				},
				"sql.js": {
					"optional": true
				},
				"sqlite3": {
					"optional": true
				}
			}
		},
		"node_modules/end-of-stream": {
			"version": "1.4.5",
			"resolved": "https://registry.npmjs.org/end-of-stream/-/end-of-stream-1.4.5.tgz",
			"integrity": "sha512-ooEGc6HP26xXq/N+GCGOT0JKCLDGrq2bQUZrQ7gyrJiZANJ/8YDTxTpQBXGMn+WbIQXNVpyWymm7KYVICQnyOg==",
			"license": "MIT",
			"dependencies": {
				"once": "^1.4.0"
			}
		},
		"node_modules/es5-ext": {
			"version": "0.10.64",
			"resolved": "https://registry.npmjs.org/es5-ext/-/es5-ext-0.10.64.tgz",
			"integrity": "sha512-p2snDhiLaXe6dahss1LddxqEm+SkuDvV8dnIQG0MWjyHpcMNfXKPE+/Cc0y+PhxJX3A4xGNeFCj5oc0BUh6deg==",
			"dev": true,
			"hasInstallScript": true,
			"license": "ISC",
			"dependencies": {
				"es6-iterator": "^2.0.3",
				"es6-symbol": "^3.1.3",
				"esniff": "^2.0.1",
				"next-tick": "^1.1.0"
			},
			"engines": {
				"node": ">=0.10"
			}
		},
		"node_modules/es6-iterator": {
			"version": "2.0.3",
			"resolved": "https://registry.npmjs.org/es6-iterator/-/es6-iterator-2.0.3.tgz",
			"integrity": "sha512-zw4SRzoUkd+cl+ZoE15A9o1oQd920Bb0iOJMQkQhl3jNc03YqVjAhG7scf9C5KWRU/R13Orf588uCC6525o02g==",
			"dev": true,
			"license": "MIT",
			"dependencies": {
				"d": "1",
				"es5-ext": "^0.10.35",
				"es6-symbol": "^3.1.1"
			}
		},
		"node_modules/es6-symbol": {
			"version": "3.1.4",
			"resolved": "https://registry.npmjs.org/es6-symbol/-/es6-symbol-3.1.4.tgz",
			"integrity": "sha512-U9bFFjX8tFiATgtkJ1zg25+KviIXpgRvRHS8sau3GfhVzThRQrOeksPeT0BWW2MNZs1OEWJ1DPXOQMn0KKRkvg==",
			"dev": true,
			"license": "ISC",
			"dependencies": {
				"d": "^1.0.2",
				"ext": "^1.7.0"
			},
			"engines": {
				"node": ">=0.12"
			}
		},
		"node_modules/es6-weak-map": {
			"version": "2.0.3",
			"resolved": "https://registry.npmjs.org/es6-weak-map/-/es6-weak-map-2.0.3.tgz",
			"integrity": "sha512-p5um32HOTO1kP+w7PRnB+5lQ43Z6muuMuIMffvDN8ZB4GcnjLBV6zGStpbASIMk4DCAvEaamhe2zhyCb/QXXsA==",
			"dev": true,
			"license": "ISC",
			"dependencies": {
				"d": "1",
				"es5-ext": "^0.10.46",
				"es6-iterator": "^2.0.3",
				"es6-symbol": "^3.1.1"
			}
		},
		"node_modules/esbuild": {
			"version": "0.18.20",
			"resolved": "https://registry.npmjs.org/esbuild/-/esbuild-0.18.20.tgz",
			"integrity": "sha512-ceqxoedUrcayh7Y7ZX6NdbbDzGROiyVBgC4PriJThBKSVPWnnFHZAkfI1lJT8QFkOwH4qOS2SJkS4wvpGl8BpA==",
			"dev": true,
			"hasInstallScript": true,
			"license": "MIT",
			"bin": {
				"esbuild": "bin/esbuild"
			},
			"engines": {
				"node": ">=12"
			},
			"optionalDependencies": {
				"@esbuild/android-arm": "0.18.20",
				"@esbuild/android-arm64": "0.18.20",
				"@esbuild/android-x64": "0.18.20",
				"@esbuild/darwin-arm64": "0.18.20",
				"@esbuild/darwin-x64": "0.18.20",
				"@esbuild/freebsd-arm64": "0.18.20",
				"@esbuild/freebsd-x64": "0.18.20",
				"@esbuild/linux-arm": "0.18.20",
				"@esbuild/linux-arm64": "0.18.20",
				"@esbuild/linux-ia32": "0.18.20",
				"@esbuild/linux-loong64": "0.18.20",
				"@esbuild/linux-mips64el": "0.18.20",
				"@esbuild/linux-ppc64": "0.18.20",
				"@esbuild/linux-riscv64": "0.18.20",
				"@esbuild/linux-s390x": "0.18.20",
				"@esbuild/linux-x64": "0.18.20",
				"@esbuild/netbsd-x64": "0.18.20",
				"@esbuild/openbsd-x64": "0.18.20",
				"@esbuild/sunos-x64": "0.18.20",
				"@esbuild/win32-arm64": "0.18.20",
				"@esbuild/win32-ia32": "0.18.20",
				"@esbuild/win32-x64": "0.18.20"
			}
		},
		"node_modules/esbuild-register": {
			"version": "3.6.0",
			"resolved": "https://registry.npmjs.org/esbuild-register/-/esbuild-register-3.6.0.tgz",
			"integrity": "sha512-H2/S7Pm8a9CL1uhp9OvjwrBh5Pvx0H8qVOxNu8Wed9Y7qv56MPtq+GGM8RJpq6glYJn9Wspr8uw7l55uyinNeg==",
			"dev": true,
			"license": "MIT",
			"dependencies": {
				"debug": "^4.3.4"
			},
			"peerDependencies": {
				"esbuild": ">=0.12 <1"
			}
		},
		"node_modules/esniff": {
			"version": "2.0.1",
			"resolved": "https://registry.npmjs.org/esniff/-/esniff-2.0.1.tgz",
			"integrity": "sha512-kTUIGKQ/mDPFoJ0oVfcmyJn4iBDRptjNVIzwIFR7tqWXdVI9xfA2RMwY/gbSpJG3lkdWNEjLap/NqVHZiJsdfg==",
			"dev": true,
			"license": "ISC",
			"dependencies": {
				"d": "^1.0.1",
				"es5-ext": "^0.10.62",
				"event-emitter": "^0.3.5",
				"type": "^2.7.2"
			},
			"engines": {
				"node": ">=0.10"
			}
		},
		"node_modules/event-emitter": {
			"version": "0.3.5",
			"resolved": "https://registry.npmjs.org/event-emitter/-/event-emitter-0.3.5.tgz",
			"integrity": "sha512-D9rRn9y7kLPnJ+hMq7S/nhvoKwwvVJahBi2BPmx3bvbsEdK3W9ii8cBSGjP+72/LnM4n6fo3+dkCX5FeTQruXA==",
			"dev": true,
			"license": "MIT",
			"dependencies": {
				"d": "1",
				"es5-ext": "~0.10.14"
			}
		},
		"node_modules/expand-template": {
			"version": "2.0.3",
			"resolved": "https://registry.npmjs.org/expand-template/-/expand-template-2.0.3.tgz",
			"integrity": "sha512-XYfuKMvj4O35f/pOXLObndIRvyQ+/+6AhODh+OKWj9S9498pHHn/IMszH+gt0fBCRWMNfk1ZSp5x3AifmnI2vg==",
			"license": "(MIT OR WTFPL)",
			"engines": {
				"node": ">=6"
			}
		},
		"node_modules/ext": {
			"version": "1.7.0",
			"resolved": "https://registry.npmjs.org/ext/-/ext-1.7.0.tgz",
			"integrity": "sha512-6hxeJYaL110a9b5TEJSj0gojyHQAmA2ch5Os+ySCiA1QGdS697XWY1pzsrSjqA9LDEEgdB/KypIlR59RcLuHYw==",
			"dev": true,
			"license": "ISC",
			"dependencies": {
				"type": "^2.7.2"
			}
		},
		"node_modules/file-uri-to-path": {
			"version": "1.0.0",
			"resolved": "https://registry.npmjs.org/file-uri-to-path/-/file-uri-to-path-1.0.0.tgz",
			"integrity": "sha512-0Zt+s3L7Vf1biwWZ29aARiVYLx7iMGnEUl9x33fbB/j3jR81u/O2LbqK+Bm1CDSNDKVtJ/YjwY7TUd5SkeLQLw==",
			"license": "MIT"
		},
		"node_modules/fs-constants": {
			"version": "1.0.0",
			"resolved": "https://registry.npmjs.org/fs-constants/-/fs-constants-1.0.0.tgz",
			"integrity": "sha512-y6OAwoSIf7FyjMIv94u+b5rdheZEjzR63GTyZJm5qh4Bi+2YgwLCcI/fPFZkL5PSixOt6ZNKm+w+Hfp/Bciwow==",
			"license": "MIT"
		},
		"node_modules/fs.realpath": {
			"version": "1.0.0",
			"resolved": "https://registry.npmjs.org/fs.realpath/-/fs.realpath-1.0.0.tgz",
			"integrity": "sha512-OO0pH2lK6a0hZnAdau5ItzHPI6pUlvI7jMVnxUQRtw4owF2wk8lOSabtGDCTP4Ggrg2MbGnWO9X8K1t4+fGMDw==",
			"dev": true,
			"license": "ISC"
		},
		"node_modules/fsevents": {
			"version": "2.3.3",
			"resolved": "https://registry.npmjs.org/fsevents/-/fsevents-2.3.3.tgz",
			"integrity": "sha512-5xoDfX+fL7faATnagmWPpbFtwh/R77WmMMqqHGS65C3vvB0YHrgF+B1YmZ3441tMj5n63k0212XNoJwzlhffQw==",
			"dev": true,
			"hasInstallScript": true,
			"license": "MIT",
			"optional": true,
			"os": [
				"darwin"
			],
			"engines": {
				"node": "^8.16.0 || ^10.6.0 || >=11.0.0"
			}
		},
		"node_modules/get-tsconfig": {
			"version": "4.12.0",
			"resolved": "https://registry.npmjs.org/get-tsconfig/-/get-tsconfig-4.12.0.tgz",
			"integrity": "sha512-LScr2aNr2FbjAjZh2C6X6BxRx1/x+aTDExct/xyq2XKbYOiG5c0aK7pMsSuyc0brz3ibr/lbQiHD9jzt4lccJw==",
			"dev": true,
			"license": "MIT",
			"dependencies": {
				"resolve-pkg-maps": "^1.0.0"
			},
			"funding": {
				"url": "https://github.com/privatenumber/get-tsconfig?sponsor=1"
			}
		},
		"node_modules/github-from-package": {
			"version": "0.0.0",
			"resolved": "https://registry.npmjs.org/github-from-package/-/github-from-package-0.0.0.tgz",
			"integrity": "sha512-SyHy3T1v2NUXn29OsWdxmK6RwHD+vkj3v8en8AOBZ1wBQ/hCAQ5bAQTD02kW4W9tUp/3Qh6J8r9EvntiyCmOOw==",
			"license": "MIT"
		},
		"node_modules/glob": {
			"version": "8.1.0",
			"resolved": "https://registry.npmjs.org/glob/-/glob-8.1.0.tgz",
			"integrity": "sha512-r8hpEjiQEYlF2QU0df3dS+nxxSIreXQS1qRhMJM0Q5NDdR386C7jb7Hwwod8Fgiuex+k0GFjgft18yvxm5XoCQ==",
			"deprecated": "Glob versions prior to v9 are no longer supported",
			"dev": true,
			"license": "ISC",
			"dependencies": {
				"fs.realpath": "^1.0.0",
				"inflight": "^1.0.4",
				"inherits": "2",
				"minimatch": "^5.0.1",
				"once": "^1.3.0"
			},
			"engines": {
				"node": ">=12"
			},
			"funding": {
				"url": "https://github.com/sponsors/isaacs"
			}
		},
		"node_modules/glob/node_modules/minimatch": {
			"version": "5.1.6",
			"resolved": "https://registry.npmjs.org/minimatch/-/minimatch-5.1.6.tgz",
			"integrity": "sha512-lKwV/1brpG6mBUFHtb7NUmtABCb2WZZmm2wNiOA5hAb8VdCS4B3dtMWyvcoViccwAW/COERjXLt0zP1zXUN26g==",
			"dev": true,
			"license": "ISC",
			"dependencies": {
				"brace-expansion": "^2.0.1"
			},
			"engines": {
				"node": ">=10"
			}
		},
		"node_modules/hanji": {
			"version": "0.0.5",
			"resolved": "https://registry.npmjs.org/hanji/-/hanji-0.0.5.tgz",
			"integrity": "sha512-Abxw1Lq+TnYiL4BueXqMau222fPSPMFtya8HdpWsz/xVAhifXou71mPh/kY2+08RgFcVccjG3uZHs6K5HAe3zw==",
			"dev": true,
			"license": "ISC",
			"dependencies": {
				"lodash.throttle": "^4.1.1",
				"sisteransi": "^1.0.5"
			}
		},
		"node_modules/heap": {
			"version": "0.2.7",
			"resolved": "https://registry.npmjs.org/heap/-/heap-0.2.7.tgz",
			"integrity": "sha512-2bsegYkkHO+h/9MGbn6KWcE45cHZgPANo5LXF7EvWdT0yT2EguSVO1nDgU5c8+ZOPwp2vMNa7YFsJhVcDR9Sdg==",
			"dev": true,
			"license": "MIT"
		},
		"node_modules/ieee754": {
			"version": "1.2.1",
			"resolved": "https://registry.npmjs.org/ieee754/-/ieee754-1.2.1.tgz",
			"integrity": "sha512-dcyqhDvX1C46lXZcVqCpK+FtMRQVdIMN6/Df5js2zouUsqG7I6sFxitIC+7KYK29KdXOLHdu9zL4sFnoVQnqaA==",
			"funding": [
				{
					"type": "github",
					"url": "https://github.com/sponsors/feross"
				},
				{
					"type": "patreon",
					"url": "https://www.patreon.com/feross"
				},
				{
					"type": "consulting",
					"url": "https://feross.org/support"
				}
			],
			"license": "BSD-3-Clause"
		},
		"node_modules/inflight": {
			"version": "1.0.6",
			"resolved": "https://registry.npmjs.org/inflight/-/inflight-1.0.6.tgz",
			"integrity": "sha512-k92I/b08q4wvFscXCLvqfsHCrjrF7yiXsQuIVvVE7N82W3+aqpzuUdBbfhWcy/FZR3/4IgflMgKLOsvPDrGCJA==",
			"deprecated": "This module is not supported, and leaks memory. Do not use it. Check out lru-cache if you want a good and tested way to coalesce async requests by a key value, which is much more comprehensive and powerful.",
			"dev": true,
			"license": "ISC",
			"dependencies": {
				"once": "^1.3.0",
				"wrappy": "1"
			}
		},
		"node_modules/inherits": {
			"version": "2.0.4",
			"resolved": "https://registry.npmjs.org/inherits/-/inherits-2.0.4.tgz",
			"integrity": "sha512-k/vGaX4/Yla3WzyMCvTQOXYeIHvqOKtnqBduzTHpzpQZzAskKMhZ2K+EnBiSM9zGSoIFeMpXKxa4dYeZIQqewQ==",
			"license": "ISC"
		},
		"node_modules/ini": {
			"version": "1.3.8",
			"resolved": "https://registry.npmjs.org/ini/-/ini-1.3.8.tgz",
			"integrity": "sha512-JV/yugV2uzW5iMRSiZAyDtQd+nxtUnjeLt0acNdw98kKLrvuRVyB80tsREOE7yvGVgalhZ6RNXCmEHkUKBKxew==",
			"license": "ISC"
		},
		"node_modules/is-promise": {
			"version": "2.2.2",
			"resolved": "https://registry.npmjs.org/is-promise/-/is-promise-2.2.2.tgz",
			"integrity": "sha512-+lP4/6lKUBfQjZ2pdxThZvLUAafmZb8OAxFb8XXtiQmS35INgr85hdOGoEs124ez1FCnZJt6jau/T+alh58QFQ==",
			"dev": true,
			"license": "MIT"
		},
		"node_modules/json-diff": {
			"version": "0.9.0",
			"resolved": "https://registry.npmjs.org/json-diff/-/json-diff-0.9.0.tgz",
			"integrity": "sha512-cVnggDrVkAAA3OvFfHpFEhOnmcsUpleEKq4d4O8sQWWSH40MBrWstKigVB1kGrgLWzuom+7rRdaCsnBD6VyObQ==",
			"dev": true,
			"license": "MIT",
			"dependencies": {
				"cli-color": "^2.0.0",
				"difflib": "~0.2.1",
				"dreamopt": "~0.8.0"
			},
			"bin": {
				"json-diff": "bin/json-diff.js"
			},
			"engines": {
				"node": "*"
			}
		},
		"node_modules/lodash.throttle": {
			"version": "4.1.1",
			"resolved": "https://registry.npmjs.org/lodash.throttle/-/lodash.throttle-4.1.1.tgz",
			"integrity": "sha512-wIkUCfVKpVsWo3JSZlc+8MB5it+2AN5W8J7YVMST30UrvcQNZ1Okbj+rbVniijTWE6FGYy4XJq/rHkas8qJMLQ==",
			"dev": true,
			"license": "MIT"
		},
		"node_modules/lru-queue": {
			"version": "0.1.0",
			"resolved": "https://registry.npmjs.org/lru-queue/-/lru-queue-0.1.0.tgz",
			"integrity": "sha512-BpdYkt9EvGl8OfWHDQPISVpcl5xZthb+XPsbELj5AQXxIC8IriDZIQYjBJPEm5rS420sjZ0TLEzRcq5KdBhYrQ==",
			"dev": true,
			"license": "MIT",
			"dependencies": {
				"es5-ext": "~0.10.2"
			}
		},
		"node_modules/memoizee": {
			"version": "0.4.17",
			"resolved": "https://registry.npmjs.org/memoizee/-/memoizee-0.4.17.tgz",
			"integrity": "sha512-DGqD7Hjpi/1or4F/aYAspXKNm5Yili0QDAFAY4QYvpqpgiY6+1jOfqpmByzjxbWd/T9mChbCArXAbDAsTm5oXA==",
			"dev": true,
			"license": "ISC",
			"dependencies": {
				"d": "^1.0.2",
				"es5-ext": "^0.10.64",
				"es6-weak-map": "^2.0.3",
				"event-emitter": "^0.3.5",
				"is-promise": "^2.2.2",
				"lru-queue": "^0.1.0",
				"next-tick": "^1.1.0",
				"timers-ext": "^0.1.7"
			},
			"engines": {
				"node": ">=0.12"
			}
		},
		"node_modules/mimic-response": {
			"version": "3.1.0",
			"resolved": "https://registry.npmjs.org/mimic-response/-/mimic-response-3.1.0.tgz",
			"integrity": "sha512-z0yWI+4FDrrweS8Zmt4Ej5HdJmky15+L2e6Wgn3+iK5fWzb6T3fhNFq2+MeTRb064c6Wr4N/wv0DzQTjNzHNGQ==",
			"license": "MIT",
			"engines": {
				"node": ">=10"
			},
			"funding": {
				"url": "https://github.com/sponsors/sindresorhus"
			}
		},
		"node_modules/minimatch": {
			"version": "7.4.6",
			"resolved": "https://registry.npmjs.org/minimatch/-/minimatch-7.4.6.tgz",
			"integrity": "sha512-sBz8G/YjVniEz6lKPNpKxXwazJe4c19fEfV2GDMX6AjFz+MX9uDWIZW8XreVhkFW3fkIdTv/gxWr/Kks5FFAVw==",
			"dev": true,
			"license": "ISC",
			"dependencies": {
				"brace-expansion": "^2.0.1"
			},
			"engines": {
				"node": ">=10"
			},
			"funding": {
				"url": "https://github.com/sponsors/isaacs"
			}
		},
		"node_modules/minimist": {
			"version": "1.2.8",
			"resolved": "https://registry.npmjs.org/minimist/-/minimist-1.2.8.tgz",
			"integrity": "sha512-2yyAR8qBkN3YuheJanUpWC5U3bb5osDywNB8RzDVlDwDHbocAJveqqj1u8+SVD7jkWT4yvsHCpWqqWqAxb0zCA==",
			"license": "MIT",
			"funding": {
				"url": "https://github.com/sponsors/ljharb"
			}
		},
		"node_modules/mkdirp-classic": {
			"version": "0.5.3",
			"resolved": "https://registry.npmjs.org/mkdirp-classic/-/mkdirp-classic-0.5.3.tgz",
			"integrity": "sha512-gKLcREMhtuZRwRAfqP3RFW+TK4JqApVBtOIftVgjuABpAtpxhPGaDcfvbhNvD0B8iD1oUr/txX35NjcaY6Ns/A==",
			"license": "MIT"
		},
		"node_modules/ms": {
			"version": "2.1.3",
			"resolved": "https://registry.npmjs.org/ms/-/ms-2.1.3.tgz",
			"integrity": "sha512-6FlzubTLZG3J2a/NVCAleEhjzq5oxgHyaCU9yYXvcLsvoVaHJq/s5xXI6/XXP6tz7R9xAOtHnSO/tXtF3WRTlA==",
			"dev": true,
			"license": "MIT"
		},
		"node_modules/napi-build-utils": {
			"version": "2.0.0",
			"resolved": "https://registry.npmjs.org/napi-build-utils/-/napi-build-utils-2.0.0.tgz",
			"integrity": "sha512-GEbrYkbfF7MoNaoh2iGG84Mnf/WZfB0GdGEsM8wz7Expx/LlWf5U8t9nvJKXSp3qr5IsEbK04cBGhol/KwOsWA==",
			"license": "MIT"
		},
		"node_modules/next-tick": {
			"version": "1.1.0",
			"resolved": "https://registry.npmjs.org/next-tick/-/next-tick-1.1.0.tgz",
			"integrity": "sha512-CXdUiJembsNjuToQvxayPZF9Vqht7hewsvy2sOWafLvi2awflj9mOC6bHIg50orX8IJvWKY9wYQ/zB2kogPslQ==",
			"dev": true,
			"license": "ISC"
		},
		"node_modules/node-abi": {
			"version": "3.78.0",
			"resolved": "https://registry.npmjs.org/node-abi/-/node-abi-3.78.0.tgz",
			"integrity": "sha512-E2wEyrgX/CqvicaQYU3Ze1PFGjc4QYPGsjUrlYkqAE0WjHEZwgOsGMPMzkMse4LjJbDmaEuDX3CM036j5K2DSQ==",
			"license": "MIT",
			"dependencies": {
				"semver": "^7.3.5"
			},
			"engines": {
				"node": ">=10"
			}
		},
		"node_modules/once": {
			"version": "1.4.0",
			"resolved": "https://registry.npmjs.org/once/-/once-1.4.0.tgz",
			"integrity": "sha512-lNaJgI+2Q5URQBkccEKHTQOPaXdUxnZZElQTZY0MFUAuaEqe1E+Nyvgdz/aIyNi6Z9MzO5dv1H8n58/GELp3+w==",
			"license": "ISC",
			"dependencies": {
				"wrappy": "1"
			}
		},
		"node_modules/prebuild-install": {
			"version": "7.1.3",
			"resolved": "https://registry.npmjs.org/prebuild-install/-/prebuild-install-7.1.3.tgz",
			"integrity": "sha512-8Mf2cbV7x1cXPUILADGI3wuhfqWvtiLA1iclTDbFRZkgRQS0NqsPZphna9V+HyTEadheuPmjaJMsbzKQFOzLug==",
			"license": "MIT",
			"dependencies": {
				"detect-libc": "^2.0.0",
				"expand-template": "^2.0.3",
				"github-from-package": "0.0.0",
				"minimist": "^1.2.3",
				"mkdirp-classic": "^0.5.3",
				"napi-build-utils": "^2.0.0",
				"node-abi": "^3.3.0",
				"pump": "^3.0.0",
				"rc": "^1.2.7",
				"simple-get": "^4.0.0",
				"tar-fs": "^2.0.0",
				"tunnel-agent": "^0.6.0"
			},
			"bin": {
				"prebuild-install": "bin.js"
			},
			"engines": {
				"node": ">=10"
			}
		},
		"node_modules/pump": {
			"version": "3.0.3",
			"resolved": "https://registry.npmjs.org/pump/-/pump-3.0.3.tgz",
			"integrity": "sha512-todwxLMY7/heScKmntwQG8CXVkWUOdYxIvY2s0VWAAMh/nd8SoYiRaKjlr7+iCs984f2P8zvrfWcDDYVb73NfA==",
			"license": "MIT",
			"dependencies": {
				"end-of-stream": "^1.1.0",
				"once": "^1.3.1"
			}
		},
		"node_modules/rc": {
			"version": "1.2.8",
			"resolved": "https://registry.npmjs.org/rc/-/rc-1.2.8.tgz",
			"integrity": "sha512-y3bGgqKj3QBdxLbLkomlohkvsA8gdAiUQlSBJnBhfn+BPxg4bc62d8TcBW15wavDfgexCgccckhcZvywyQYPOw==",
			"license": "(BSD-2-Clause OR MIT OR Apache-2.0)",
			"dependencies": {
				"deep-extend": "^0.6.0",
				"ini": "~1.3.0",
				"minimist": "^1.2.0",
				"strip-json-comments": "~2.0.1"
			},
			"bin": {
				"rc": "cli.js"
			}
		},
		"node_modules/readable-stream": {
			"version": "3.6.2",
			"resolved": "https://registry.npmjs.org/readable-stream/-/readable-stream-3.6.2.tgz",
			"integrity": "sha512-9u/sniCrY3D5WdsERHzHE4G2YCXqoG5FTHUiCC4SIbr6XcLZBY05ya9EKjYek9O5xOAwjGq+1JdGBAS7Q9ScoA==",
			"license": "MIT",
			"dependencies": {
				"inherits": "^2.0.3",
				"string_decoder": "^1.1.1",
				"util-deprecate": "^1.0.1"
			},
			"engines": {
				"node": ">= 6"
			}
		},
		"node_modules/resolve-pkg-maps": {
			"version": "1.0.0",
			"resolved": "https://registry.npmjs.org/resolve-pkg-maps/-/resolve-pkg-maps-1.0.0.tgz",
			"integrity": "sha512-seS2Tj26TBVOC2NIc2rOe2y2ZO7efxITtLZcGSOnHHNOQ7CkiUBfw0Iw2ck6xkIhPwLhKNLS8BO+hEpngQlqzw==",
			"dev": true,
			"license": "MIT",
			"funding": {
				"url": "https://github.com/privatenumber/resolve-pkg-maps?sponsor=1"
			}
		},
		"node_modules/safe-buffer": {
			"version": "5.2.1",
			"resolved": "https://registry.npmjs.org/safe-buffer/-/safe-buffer-5.2.1.tgz",
			"integrity": "sha512-rp3So07KcdmmKbGvgaNxQSJr7bGVSVk5S9Eq1F+ppbRo70+YeaDxkw5Dd8NPN+GD6bjnYm2VuPuCXmpuYvmCXQ==",
			"funding": [
				{
					"type": "github",
					"url": "https://github.com/sponsors/feross"
				},
				{
					"type": "patreon",
					"url": "https://www.patreon.com/feross"
				},
				{
					"type": "consulting",
					"url": "https://feross.org/support"
				}
			],
			"license": "MIT"
		},
		"node_modules/semver": {
			"version": "7.7.3",
			"resolved": "https://registry.npmjs.org/semver/-/semver-7.7.3.tgz",
			"integrity": "sha512-SdsKMrI9TdgjdweUSR9MweHA4EJ8YxHn8DFaDisvhVlUOe4BF1tLD7GAj0lIqWVl+dPb/rExr0Btby5loQm20Q==",
			"license": "ISC",
			"bin": {
				"semver": "bin/semver.js"
			},
			"engines": {
				"node": ">=10"
			}
		},
		"node_modules/simple-concat": {
			"version": "1.0.1",
			"resolved": "https://registry.npmjs.org/simple-concat/-/simple-concat-1.0.1.tgz",
			"integrity": "sha512-cSFtAPtRhljv69IK0hTVZQ+OfE9nePi/rtJmw5UjHeVyVroEqJXP1sFztKUy1qU+xvz3u/sfYJLa947b7nAN2Q==",
			"funding": [
				{
					"type": "github",
					"url": "https://github.com/sponsors/feross"
				},
				{
					"type": "patreon",
					"url": "https://www.patreon.com/feross"
				},
				{
					"type": "consulting",
					"url": "https://feross.org/support"
				}
			],
			"license": "MIT"
		},
		"node_modules/simple-get": {
			"version": "4.0.1",
			"resolved": "https://registry.npmjs.org/simple-get/-/simple-get-4.0.1.tgz",
			"integrity": "sha512-brv7p5WgH0jmQJr1ZDDfKDOSeWWg+OVypG99A/5vYGPqJ6pxiaHLy8nxtFjBA7oMa01ebA9gfh1uMCFqOuXxvA==",
			"funding": [
				{
					"type": "github",
					"url": "https://github.com/sponsors/feross"
				},
				{
					"type": "patreon",
					"url": "https://www.patreon.com/feross"
				},
				{
					"type": "consulting",
					"url": "https://feross.org/support"
				}
			],
			"license": "MIT",
			"dependencies": {
				"decompress-response": "^6.0.0",
				"once": "^1.3.1",
				"simple-concat": "^1.0.0"
			}
		},
		"node_modules/sisteransi": {
			"version": "1.0.5",
			"resolved": "https://registry.npmjs.org/sisteransi/-/sisteransi-1.0.5.tgz",
			"integrity": "sha512-bLGGlR1QxBcynn2d5YmDX4MGjlZvy2MRBDRNHLJ8VI6l6+9FUiyTFNJ0IveOSP0bcXgVDPRcfGqA0pjaqUpfVg==",
			"dev": true,
			"license": "MIT"
		},
		"node_modules/source-map": {
			"version": "0.6.1",
			"resolved": "https://registry.npmjs.org/source-map/-/source-map-0.6.1.tgz",
			"integrity": "sha512-UjgapumWlbMhkBgzT7Ykc5YXUT46F0iKu8SGXq0bcwP5dz/h0Plj6enJqjz1Zbq2l5WaqYnrVbwWOWMyF3F47g==",
			"dev": true,
			"license": "BSD-3-Clause",
			"engines": {
				"node": ">=0.10.0"
			}
		},
		"node_modules/source-map-support": {
			"version": "0.5.21",
			"resolved": "https://registry.npmjs.org/source-map-support/-/source-map-support-0.5.21.tgz",
			"integrity": "sha512-uBHU3L3czsIyYXKX88fdrGovxdSCoTGDRZ6SYXtSRxLZUzHg5P/66Ht6uoUlHu9EZod+inXhKo3qQgwXUT/y1w==",
			"dev": true,
			"license": "MIT",
			"dependencies": {
				"buffer-from": "^1.0.0",
				"source-map": "^0.6.0"
			}
		},
		"node_modules/string_decoder": {
			"version": "1.3.0",
			"resolved": "https://registry.npmjs.org/string_decoder/-/string_decoder-1.3.0.tgz",
			"integrity": "sha512-hkRX8U1WjJFd8LsDJ2yQ/wWWxaopEsABU1XfkM8A+j0+85JAGppt16cr1Whg6KIbb4okU6Mql6BOj+uup/wKeA==",
			"license": "MIT",
			"dependencies": {
				"safe-buffer": "~5.2.0"
			}
		},
		"node_modules/strip-json-comments": {
			"version": "2.0.1",
			"resolved": "https://registry.npmjs.org/strip-json-comments/-/strip-json-comments-2.0.1.tgz",
			"integrity": "sha512-4gB8na07fecVVkOI6Rs4e7T6NOTki5EmL7TUduTs6bu3EdnSycntVJ4re8kgZA+wx9IueI2Y11bfbgwtzuE0KQ==",
			"license": "MIT",
			"engines": {
				"node": ">=0.10.0"
			}
		},
		"node_modules/tar-fs": {
			"version": "2.1.4",
			"resolved": "https://registry.npmjs.org/tar-fs/-/tar-fs-2.1.4.tgz",
			"integrity": "sha512-mDAjwmZdh7LTT6pNleZ05Yt65HC3E+NiQzl672vQG38jIrehtJk/J3mNwIg+vShQPcLF/LV7CMnDW6vjj6sfYQ==",
			"license": "MIT",
			"dependencies": {
				"chownr": "^1.1.1",
				"mkdirp-classic": "^0.5.2",
				"pump": "^3.0.0",
				"tar-stream": "^2.1.4"
			}
		},
		"node_modules/tar-stream": {
			"version": "2.2.0",
			"resolved": "https://registry.npmjs.org/tar-stream/-/tar-stream-2.2.0.tgz",
			"integrity": "sha512-ujeqbceABgwMZxEJnk2HDY2DlnUZ+9oEcb1KzTVfYHio0UE6dG71n60d8D2I4qNvleWrrXpmjpt7vZeF1LnMZQ==",
			"license": "MIT",
			"dependencies": {
				"bl": "^4.0.3",
				"end-of-stream": "^1.4.1",
				"fs-constants": "^1.0.0",
				"inherits": "^2.0.3",
				"readable-stream": "^3.1.1"
			},
			"engines": {
				"node": ">=6"
			}
		},
		"node_modules/timers-ext": {
			"version": "0.1.8",
			"resolved": "https://registry.npmjs.org/timers-ext/-/timers-ext-0.1.8.tgz",
			"integrity": "sha512-wFH7+SEAcKfJpfLPkrgMPvvwnEtj8W4IurvEyrKsDleXnKLCDw71w8jltvfLa8Rm4qQxxT4jmDBYbJG/z7qoww==",
			"dev": true,
			"license": "ISC",
			"dependencies": {
				"es5-ext": "^0.10.64",
				"next-tick": "^1.1.0"
			},
			"engines": {
				"node": ">=0.12"
			}
		},
		"node_modules/tsx": {
			"version": "3.14.0",
			"resolved": "https://registry.npmjs.org/tsx/-/tsx-3.14.0.tgz",
			"integrity": "sha512-xHtFaKtHxM9LOklMmJdI3BEnQq/D5F73Of2E1GDrITi9sgoVkvIsrQUTY1G8FlmGtA+awCI4EBlTRRYxkL2sRg==",
			"dev": true,
			"license": "MIT",
			"dependencies": {
				"esbuild": "~0.18.20",
				"get-tsconfig": "^4.7.2",
				"source-map-support": "^0.5.21"
			},
			"bin": {
				"tsx": "dist/cli.mjs"
			},
			"optionalDependencies": {
				"fsevents": "~2.3.3"
			}
		},
		"node_modules/tunnel-agent": {
			"version": "0.6.0",
			"resolved": "https://registry.npmjs.org/tunnel-agent/-/tunnel-agent-0.6.0.tgz",
			"integrity": "sha512-McnNiV1l8RYeY8tBgEpuodCC1mLUdbSN+CYBL7kJsJNInOP8UjDDEwdk6Mw60vdLLrr5NHKZhMAOSrR2NZuQ+w==",
			"license": "Apache-2.0",
			"dependencies": {
				"safe-buffer": "^5.0.1"
			},
			"engines": {
				"node": "*"
			}
		},
		"node_modules/type": {
			"version": "2.7.3",
			"resolved": "https://registry.npmjs.org/type/-/type-2.7.3.tgz",
			"integrity": "sha512-8j+1QmAbPvLZow5Qpi6NCaN8FB60p/6x8/vfNqOk/hC+HuvFZhL4+WfekuhQLiqFZXOgQdrs3B+XxEmCc6b3FQ==",
			"dev": true,
			"license": "ISC"
		},
		"node_modules/undici-types": {
			"version": "7.14.0",
			"resolved": "https://registry.npmjs.org/undici-types/-/undici-types-7.14.0.tgz",
			"integrity": "sha512-QQiYxHuyZ9gQUIrmPo3IA+hUl4KYk8uSA7cHrcKd/l3p1OTpZcM0Tbp9x7FAtXdAYhlasd60ncPpgu6ihG6TOA==",
			"devOptional": true,
			"license": "MIT"
		},
		"node_modules/util-deprecate": {
			"version": "1.0.2",
			"resolved": "https://registry.npmjs.org/util-deprecate/-/util-deprecate-1.0.2.tgz",
			"integrity": "sha512-EPD5q1uXyFxJpCrLnCc1nHnq3gOa6DZBocAIiI2TaSCA7VCJ1UJDMagCzIkXNsUYfD1daK//LTEQ8xiIbrHtcw==",
			"license": "MIT"
		},
		"node_modules/wordwrap": {
			"version": "1.0.0",
			"resolved": "https://registry.npmjs.org/wordwrap/-/wordwrap-1.0.0.tgz",
			"integrity": "sha512-gvVzJFlPycKc5dZN4yPkP8w7Dc37BtP1yczEneOb4uq34pXZcvrtRTmWV8W+Ume+XCxKgbjM+nevkyFPMybd4Q==",
			"dev": true,
			"license": "MIT"
		},
		"node_modules/wrappy": {
			"version": "1.0.2",
			"resolved": "https://registry.npmjs.org/wrappy/-/wrappy-1.0.2.tgz",
			"integrity": "sha512-l4Sp/DRseor9wL6EvV2+TuQn63dMkPjZ/sp9XkghTEbV9KlPS1xUsZ3u7/IQO4wxtcFB4bgpQPRcR3QCvezPcQ==",
			"license": "ISC"
		},
		"node_modules/zod": {
			"version": "3.25.76",
			"resolved": "https://registry.npmjs.org/zod/-/zod-3.25.76.tgz",
			"integrity": "sha512-gzUt/qt81nXsFGKIFcC3YnfEAx5NkunCfnDlvuBSSFS02bcXu4Lmea0AFIUwbLWxWPx3d9p8S5QoaujKcNQxcQ==",
			"dev": true,
			"license": "MIT",
			"funding": {
				"url": "https://github.com/sponsors/colinhacks"
			}
		}
	}
}
